
Microsoft Visual Studio Solution File, Format Version 12.00
# Visual Studio 15
VisualStudioVersion = 15.0.26430.14
MinimumVisualStudioVersion = 10.0.40219.1
Project("{FAE04EC0-301F-11D3-BF4B-00C04F79EFBC}") = "CoreAPI", "CoreAPI\CoreAPI.csproj", "{C8B9620A-10B8-4701-8F92-55A24A9DA957}"
EndProject
Project("{FAE04EC0-301F-11D3-BF4B-00C04F79EFBC}") = "CoreAPI.Data", "CoreAPI.Data\CoreAPI.Data.csproj", "{64733EBF-61F4-44BE-8F4D-DBF9557A43EF}"
EndProject
Project("{FAE04EC0-301F-11D3-BF4B-00C04F79EFBC}") = "CoreAPI.Domain", "CoreAPI.Domain\CoreAPI.Domain.csproj", "{450E193F-482A-40DC-B57F-7EA39F2E4F4E}"
EndProject
Project("{FAE04EC0-301F-11D3-BF4B-00C04F79EFBC}") = "CoreAPI.Engine", "CoreAPI.Engine\CoreAPI.Engine.csproj", "{9C52E39D-414C-4BE6-AB11-AACA4755E0E3}"
EndProject
Global
	GlobalSection(SolutionConfigurationPlatforms) = preSolution
		Debug|Any CPU = Debug|Any CPU
		Release|Any CPU = Release|Any CPU
	EndGlobalSection
	GlobalSection(ProjectConfigurationPlatforms) = postSolution
		{C8B9620A-10B8-4701-8F92-55A24A9DA957}.Debug|Any CPU.ActiveCfg = Debug|Any CPU
		{C8B9620A-10B8-4701-8F92-55A24A9DA957}.Debug|Any CPU.Build.0 = Debug|Any CPU
		{C8B9620A-10B8-4701-8F92-55A24A9DA957}.Release|Any CPU.ActiveCfg = Release|Any CPU
		{C8B9620A-10B8-4701-8F92-55A24A9DA957}.Release|Any CPU.Build.0 = Release|Any CPU
		{64733EBF-61F4-44BE-8F4D-DBF9557A43EF}.Debug|Any CPU.ActiveCfg = Debug|Any CPU
		{64733EBF-61F4-44BE-8F4D-DBF9557A43EF}.Debug|Any CPU.Build.0 = Debug|Any CPU
		{64733EBF-61F4-44BE-8F4D-DBF9557A43EF}.Release|Any CPU.ActiveCfg = Release|Any CPU
		{64733EBF-61F4-44BE-8F4D-DBF9557A43EF}.Release|Any CPU.Build.0 = Release|Any CPU
		{450E193F-482A-40DC-B57F-7EA39F2E4F4E}.Debug|Any CPU.ActiveCfg = Debug|Any CPU
		{450E193F-482A-40DC-B57F-7EA39F2E4F4E}.Debug|Any CPU.Build.0 = Debug|Any CPU
		{450E193F-482A-40DC-B57F-7EA39F2E4F4E}.Release|Any CPU.ActiveCfg = Release|Any CPU
		{450E193F-482A-40DC-B57F-7EA39F2E4F4E}.Release|Any CPU.Build.0 = Release|Any CPU
		{9C52E39D-414C-4BE6-AB11-AACA4755E0E3}.Debug|Any CPU.ActiveCfg = Debug|Any CPU
		{9C52E39D-414C-4BE6-AB11-AACA4755E0E3}.Debug|Any CPU.Build.0 = Debug|Any CPU
		{9C52E39D-414C-4BE6-AB11-AACA4755E0E3}.Release|Any CPU.ActiveCfg = Release|Any CPU
		{9C52E39D-414C-4BE6-AB11-AACA4755E0E3}.Release|Any CPU.Build.0 = Release|Any CPU
	EndGlobalSection
	GlobalSection(SolutionProperties) = preSolution
		HideSolutionNode = FALSE
	EndGlobalSection
EndGlobal
